// !$*UTF8*$!
{
	archiveVersion = 1;
	classes = {
	};
	objectVersion = 46;
	objects = {

/* Begin PBXBuildFile section */
		73FD15AD1E71779B260744AC /* libPods-JYNetworkDemo.a in Frameworks */ = {isa = PBXBuildFile; fileRef = 0502BFDF7DE6153BD9C28FD4 /* libPods-JYNetworkDemo.a */; };
		A06424B71E8CB2A8006323F5 /* libsqlite3.tbd in Frameworks */ = {isa = PBXBuildFile; fileRef = A06424B61E8CB2A8006323F5 /* libsqlite3.tbd */; };
		A06424F01E8CE55B006323F5 /* AFDownloadFileViewController.m in Sources */ = {isa = PBXBuildFile; fileRef = A06424DC1E8CE55B006323F5 /* AFDownloadFileViewController.m */; };
		A06424F11E8CE55B006323F5 /* AFDownloadFileViewController.xib in Resources */ = {isa = PBXBuildFile; fileRef = A06424DD1E8CE55B006323F5 /* AFDownloadFileViewController.xib */; };
		A06424F31E8CE55B006323F5 /* AFNetworkingViewController.m in Sources */ = {isa = PBXBuildFile; fileRef = A06424E11E8CE55B006323F5 /* AFNetworkingViewController.m */; };
		A06424F41E8CE55B006323F5 /* AFUploadFileViewController.m in Sources */ = {isa = PBXBuildFile; fileRef = A06424E31E8CE55B006323F5 /* AFUploadFileViewController.m */; };
		A06424F61E8CE55B006323F5 /* RequestViewController.m in Sources */ = {isa = PBXBuildFile; fileRef = A06424E71E8CE55B006323F5 /* RequestViewController.m */; };
		A06424F71E8CE55B006323F5 /* URLConnectionViewController.m in Sources */ = {isa = PBXBuildFile; fileRef = A06424EA1E8CE55B006323F5 /* URLConnectionViewController.m */; };
		A06424F81E8CE55B006323F5 /* backgroundSessionViewController.m in Sources */ = {isa = PBXBuildFile; fileRef = A06424ED1E8CE55B006323F5 /* backgroundSessionViewController.m */; };
		A06424F91E8CE55B006323F5 /* defaultSessionViewController.m in Sources */ = {isa = PBXBuildFile; fileRef = A06424EF1E8CE55B006323F5 /* defaultSessionViewController.m */; };
		A06425011E8CF3DA006323F5 /* CacheNetService.m in Sources */ = {isa = PBXBuildFile; fileRef = A06425001E8CF3DA006323F5 /* CacheNetService.m */; };
		A0A2B97E1E8E407D0088CE1F /* CustomCache.m in Sources */ = {isa = PBXBuildFile; fileRef = A0A2B97B1E8E407D0088CE1F /* CustomCache.m */; };
		A0A2B97F1E8E407D0088CE1F /* CustomNetworkingCache.m in Sources */ = {isa = PBXBuildFile; fileRef = A0A2B97D1E8E407D0088CE1F /* CustomNetworkingCache.m */; };
		A0A2B9851E8F45650088CE1F /* suspend@2x.png in Resources */ = {isa = PBXBuildFile; fileRef = A0A2B9841E8F45650088CE1F /* suspend@2x.png */; };
		A0A2B9871E8F45760088CE1F /* Word.png in Resources */ = {isa = PBXBuildFile; fileRef = A0A2B9861E8F45760088CE1F /* Word.png */; };
		A0A2B98A1E8F45AB0088CE1F /* CustomPreviewController.m in Sources */ = {isa = PBXBuildFile; fileRef = A0A2B9891E8F45AB0088CE1F /* CustomPreviewController.m */; };
		A0A2B98C1E8F46AF0088CE1F /* download@2x.png in Resources */ = {isa = PBXBuildFile; fileRef = A0A2B98B1E8F46AF0088CE1F /* download@2x.png */; };
		A0A2B9901E8F47FC0088CE1F /* AttachmentEntity.m in Sources */ = {isa = PBXBuildFile; fileRef = A0A2B98F1E8F47FC0088CE1F /* AttachmentEntity.m */; };
		A0B0CF101E8901D4001F4A51 /* QuickLook.framework in Frameworks */ = {isa = PBXBuildFile; fileRef = A0B0CF0F1E8901D4001F4A51 /* QuickLook.framework */; };
		A0D95CB71D546FD200404FFD /* main.m in Sources */ = {isa = PBXBuildFile; fileRef = A0D95CB61D546FD200404FFD /* main.m */; };
		A0D95CBA1D546FD200404FFD /* AppDelegate.m in Sources */ = {isa = PBXBuildFile; fileRef = A0D95CB91D546FD200404FFD /* AppDelegate.m */; };
		A0D95CC01D546FD200404FFD /* Main.storyboard in Resources */ = {isa = PBXBuildFile; fileRef = A0D95CBE1D546FD200404FFD /* Main.storyboard */; };
		A0D95CC21D546FD200404FFD /* Assets.xcassets in Resources */ = {isa = PBXBuildFile; fileRef = A0D95CC11D546FD200404FFD /* Assets.xcassets */; };
		A0D95CC51D546FD200404FFD /* LaunchScreen.storyboard in Resources */ = {isa = PBXBuildFile; fileRef = A0D95CC31D546FD200404FFD /* LaunchScreen.storyboard */; };
/* End PBXBuildFile section */

/* Begin PBXFileReference section */
		0502BFDF7DE6153BD9C28FD4 /* libPods-JYNetworkDemo.a */ = {isa = PBXFileReference; explicitFileType = archive.ar; includeInIndex = 0; path = "libPods-JYNetworkDemo.a"; sourceTree = BUILT_PRODUCTS_DIR; };
		5CC5022742764F2C5F6567FF /* Pods-JYNetworkDemo.release.xcconfig */ = {isa = PBXFileReference; includeInIndex = 1; lastKnownFileType = text.xcconfig; name = "Pods-JYNetworkDemo.release.xcconfig"; path = "Pods/Target Support Files/Pods-JYNetworkDemo/Pods-JYNetworkDemo.release.xcconfig"; sourceTree = "<group>"; };
		62C8D44B6CDFEC864E054736 /* Pods-JYNetworkDemo.debug.xcconfig */ = {isa = PBXFileReference; includeInIndex = 1; lastKnownFileType = text.xcconfig; name = "Pods-JYNetworkDemo.debug.xcconfig"; path = "Pods/Target Support Files/Pods-JYNetworkDemo/Pods-JYNetworkDemo.debug.xcconfig"; sourceTree = "<group>"; };
		A06424B61E8CB2A8006323F5 /* libsqlite3.tbd */ = {isa = PBXFileReference; lastKnownFileType = "sourcecode.text-based-dylib-definition"; name = libsqlite3.tbd; path = usr/lib/libsqlite3.tbd; sourceTree = SDKROOT; };
		A06424DB1E8CE55B006323F5 /* AFDownloadFileViewController.h */ = {isa = PBXFileReference; fileEncoding = 4; lastKnownFileType = sourcecode.c.h; path = AFDownloadFileViewController.h; sourceTree = "<group>"; };
		A06424DC1E8CE55B006323F5 /* AFDownloadFileViewController.m */ = {isa = PBXFileReference; fileEncoding = 4; lastKnownFileType = sourcecode.c.objc; path = AFDownloadFileViewController.m; sourceTree = "<group>"; };
		A06424DD1E8CE55B006323F5 /* AFDownloadFileViewController.xib */ = {isa = PBXFileReference; fileEncoding = 4; lastKnownFileType = file.xib; path = AFDownloadFileViewController.xib; sourceTree = "<group>"; };
		A06424E01E8CE55B006323F5 /* AFNetworkingViewController.h */ = {isa = PBXFileReference; fileEncoding = 4; lastKnownFileType = sourcecode.c.h; path = AFNetworkingViewController.h; sourceTree = "<group>"; };
		A06424E11E8CE55B006323F5 /* AFNetworkingViewController.m */ = {isa = PBXFileReference; fileEncoding = 4; lastKnownFileType = sourcecode.c.objc; path = AFNetworkingViewController.m; sourceTree = "<group>"; };
		A06424E21E8CE55B006323F5 /* AFUploadFileViewController.h */ = {isa = PBXFileReference; fileEncoding = 4; lastKnownFileType = sourcecode.c.h; path = AFUploadFileViewController.h; sourceTree = "<group>"; };
		A06424E31E8CE55B006323F5 /* AFUploadFileViewController.m */ = {isa = PBXFileReference; fileEncoding = 4; lastKnownFileType = sourcecode.c.objc; path = AFUploadFileViewController.m; sourceTree = "<group>"; };
		A06424E61E8CE55B006323F5 /* RequestViewController.h */ = {isa = PBXFileReference; fileEncoding = 4; lastKnownFileType = sourcecode.c.h; path = RequestViewController.h; sourceTree = "<group>"; };
		A06424E71E8CE55B006323F5 /* RequestViewController.m */ = {isa = PBXFileReference; fileEncoding = 4; lastKnownFileType = sourcecode.c.objc; path = RequestViewController.m; sourceTree = "<group>"; };
		A06424E91E8CE55B006323F5 /* URLConnectionViewController.h */ = {isa = PBXFileReference; fileEncoding = 4; lastKnownFileType = sourcecode.c.h; path = URLConnectionViewController.h; sourceTree = "<group>"; };
		A06424EA1E8CE55B006323F5 /* URLConnectionViewController.m */ = {isa = PBXFileReference; fileEncoding = 4; lastKnownFileType = sourcecode.c.objc; path = URLConnectionViewController.m; sourceTree = "<group>"; };
		A06424EC1E8CE55B006323F5 /* backgroundSessionViewController.h */ = {isa = PBXFileReference; fileEncoding = 4; lastKnownFileType = sourcecode.c.h; path = backgroundSessionViewController.h; sourceTree = "<group>"; };
		A06424ED1E8CE55B006323F5 /* backgroundSessionViewController.m */ = {isa = PBXFileReference; fileEncoding = 4; lastKnownFileType = sourcecode.c.objc; path = backgroundSessionViewController.m; sourceTree = "<group>"; };
		A06424EE1E8CE55B006323F5 /* defaultSessionViewController.h */ = {isa = PBXFileReference; fileEncoding = 4; lastKnownFileType = sourcecode.c.h; path = defaultSessionViewController.h; sourceTree = "<group>"; };
		A06424EF1E8CE55B006323F5 /* defaultSessionViewController.m */ = {isa = PBXFileReference; fileEncoding = 4; lastKnownFileType = sourcecode.c.objc; path = defaultSessionViewController.m; sourceTree = "<group>"; };
		A06424FF1E8CF3DA006323F5 /* CacheNetService.h */ = {isa = PBXFileReference; fileEncoding = 4; lastKnownFileType = sourcecode.c.h; path = CacheNetService.h; sourceTree = "<group>"; };
		A06425001E8CF3DA006323F5 /* CacheNetService.m */ = {isa = PBXFileReference; fileEncoding = 4; lastKnownFileType = sourcecode.c.objc; path = CacheNetService.m; sourceTree = "<group>"; };
		A09C84981E7F70600063555E /* const.h */ = {isa = PBXFileReference; fileEncoding = 4; lastKnownFileType = sourcecode.c.h; path = const.h; sourceTree = "<group>"; };
		A0A2B97A1E8E407D0088CE1F /* CustomCache.h */ = {isa = PBXFileReference; fileEncoding = 4; lastKnownFileType = sourcecode.c.h; path = CustomCache.h; sourceTree = "<group>"; };
		A0A2B97B1E8E407D0088CE1F /* CustomCache.m */ = {isa = PBXFileReference; fileEncoding = 4; lastKnownFileType = sourcecode.c.objc; path = CustomCache.m; sourceTree = "<group>"; };
		A0A2B97C1E8E407D0088CE1F /* CustomNetworkingCache.h */ = {isa = PBXFileReference; fileEncoding = 4; lastKnownFileType = sourcecode.c.h; path = CustomNetworkingCache.h; sourceTree = "<group>"; };
		A0A2B97D1E8E407D0088CE1F /* CustomNetworkingCache.m */ = {isa = PBXFileReference; fileEncoding = 4; lastKnownFileType = sourcecode.c.objc; path = CustomNetworkingCache.m; sourceTree = "<group>"; };
		A0A2B9841E8F45650088CE1F /* suspend@2x.png */ = {isa = PBXFileReference; lastKnownFileType = image.png; path = "suspend@2x.png"; sourceTree = "<group>"; };
		A0A2B9861E8F45760088CE1F /* Word.png */ = {isa = PBXFileReference; lastKnownFileType = image.png; path = Word.png; sourceTree = "<group>"; };
		A0A2B9881E8F45AB0088CE1F /* CustomPreviewController.h */ = {isa = PBXFileReference; fileEncoding = 4; lastKnownFileType = sourcecode.c.h; path = CustomPreviewController.h; sourceTree = "<group>"; };
		A0A2B9891E8F45AB0088CE1F /* CustomPreviewController.m */ = {isa = PBXFileReference; fileEncoding = 4; lastKnownFileType = sourcecode.c.objc; path = CustomPreviewController.m; sourceTree = "<group>"; };
		A0A2B98B1E8F46AF0088CE1F /* download@2x.png */ = {isa = PBXFileReference; lastKnownFileType = image.png; path = "download@2x.png"; sourceTree = "<group>"; };
		A0A2B98E1E8F47FC0088CE1F /* AttachmentEntity.h */ = {isa = PBXFileReference; fileEncoding = 4; lastKnownFileType = sourcecode.c.h; path = AttachmentEntity.h; sourceTree = "<group>"; };
		A0A2B98F1E8F47FC0088CE1F /* AttachmentEntity.m */ = {isa = PBXFileReference; fileEncoding = 4; lastKnownFileType = sourcecode.c.objc; path = AttachmentEntity.m; sourceTree = "<group>"; };
		A0B0CF0F1E8901D4001F4A51 /* QuickLook.framework */ = {isa = PBXFileReference; lastKnownFileType = wrapper.framework; name = QuickLook.framework; path = System/Library/Frameworks/QuickLook.framework; sourceTree = SDKROOT; };
		A0D95CB21D546FD200404FFD /* JYNetworkDemo.app */ = {isa = PBXFileReference; explicitFileType = wrapper.application; includeInIndex = 0; path = JYNetworkDemo.app; sourceTree = BUILT_PRODUCTS_DIR; };
		A0D95CB61D546FD200404FFD /* main.m */ = {isa = PBXFileReference; lastKnownFileType = sourcecode.c.objc; path = main.m; sourceTree = "<group>"; };
		A0D95CB81D546FD200404FFD /* AppDelegate.h */ = {isa = PBXFileReference; lastKnownFileType = sourcecode.c.h; path = AppDelegate.h; sourceTree = "<group>"; };
		A0D95CB91D546FD200404FFD /* AppDelegate.m */ = {isa = PBXFileReference; lastKnownFileType = sourcecode.c.objc; path = AppDelegate.m; sourceTree = "<group>"; };
		A0D95CBF1D546FD200404FFD /* Base */ = {isa = PBXFileReference; lastKnownFileType = file.storyboard; name = Base; path = Base.lproj/Main.storyboard; sourceTree = "<group>"; };
		A0D95CC11D546FD200404FFD /* Assets.xcassets */ = {isa = PBXFileReference; lastKnownFileType = folder.assetcatalog; path = Assets.xcassets; sourceTree = "<group>"; };
		A0D95CC41D546FD200404FFD /* Base */ = {isa = PBXFileReference; lastKnownFileType = file.storyboard; name = Base; path = Base.lproj/LaunchScreen.storyboard; sourceTree = "<group>"; };
		A0D95CC61D546FD200404FFD /* Info.plist */ = {isa = PBXFileReference; lastKnownFileType = text.plist.xml; path = Info.plist; sourceTree = "<group>"; };
/* End PBXFileReference section */

/* Begin PBXFrameworksBuildPhase section */
		A0D95CAF1D546FD200404FFD /* Frameworks */ = {
			isa = PBXFrameworksBuildPhase;
			buildActionMask = 2147483647;
			files = (
				A06424B71E8CB2A8006323F5 /* libsqlite3.tbd in Frameworks */,
				A0B0CF101E8901D4001F4A51 /* QuickLook.framework in Frameworks */,
				73FD15AD1E71779B260744AC /* libPods-JYNetworkDemo.a in Frameworks */,
			);
			runOnlyForDeploymentPostprocessing = 0;
		};
/* End PBXFrameworksBuildPhase section */

/* Begin PBXGroup section */
		A06424D91E8CE55B006323F5 /* Sections */ = {
			isa = PBXGroup;
			children = (
				A0A2B98D1E8F47D80088CE1F /* Models */,
				A0A2B9801E8F444C0088CE1F /* CustomQuickLook */,
				A06424E61E8CE55B006323F5 /* RequestViewController.h */,
				A06424E71E8CE55B006323F5 /* RequestViewController.m */,
				A06424DA1E8CE55B006323F5 /* AFNetworking */,
				A06424E81E8CE55B006323F5 /* URLConnection */,
				A06424EB1E8CE55B006323F5 /* URLSession */,
			);
			path = Sections;
			sourceTree = "<group>";
		};
		A06424DA1E8CE55B006323F5 /* AFNetworking */ = {
			isa = PBXGroup;
			children = (
				A06424DB1E8CE55B006323F5 /* AFDownloadFileViewController.h */,
				A06424DC1E8CE55B006323F5 /* AFDownloadFileViewController.m */,
				A06424DD1E8CE55B006323F5 /* AFDownloadFileViewController.xib */,
				A06424E01E8CE55B006323F5 /* AFNetworkingViewController.h */,
				A06424E11E8CE55B006323F5 /* AFNetworkingViewController.m */,
				A06424E21E8CE55B006323F5 /* AFUploadFileViewController.h */,
				A06424E31E8CE55B006323F5 /* AFUploadFileViewController.m */,
			);
			path = AFNetworking;
			sourceTree = "<group>";
		};
		A06424E81E8CE55B006323F5 /* URLConnection */ = {
			isa = PBXGroup;
			children = (
				A06424E91E8CE55B006323F5 /* URLConnectionViewController.h */,
				A06424EA1E8CE55B006323F5 /* URLConnectionViewController.m */,
			);
			path = URLConnection;
			sourceTree = "<group>";
		};
		A06424EB1E8CE55B006323F5 /* URLSession */ = {
			isa = PBXGroup;
			children = (
				A06424EC1E8CE55B006323F5 /* backgroundSessionViewController.h */,
				A06424ED1E8CE55B006323F5 /* backgroundSessionViewController.m */,
				A06424EE1E8CE55B006323F5 /* defaultSessionViewController.h */,
				A06424EF1E8CE55B006323F5 /* defaultSessionViewController.m */,
			);
			path = URLSession;
			sourceTree = "<group>";
		};
		A06424FB1E8CE5D8006323F5 /* Network */ = {
			isa = PBXGroup;
			children = (
				A06424FF1E8CF3DA006323F5 /* CacheNetService.h */,
				A06425001E8CF3DA006323F5 /* CacheNetService.m */,
			);
			path = Network;
			sourceTree = "<group>";
		};
		A09C84971E7F70600063555E /* Config */ = {
			isa = PBXGroup;
			children = (
				A09C84981E7F70600063555E /* const.h */,
			);
			path = Config;
			sourceTree = "<group>";
		};
		A0A2B9791E8E407D0088CE1F /* Caches */ = {
			isa = PBXGroup;
			children = (
				A0A2B97A1E8E407D0088CE1F /* CustomCache.h */,
				A0A2B97B1E8E407D0088CE1F /* CustomCache.m */,
				A0A2B97C1E8E407D0088CE1F /* CustomNetworkingCache.h */,
				A0A2B97D1E8E407D0088CE1F /* CustomNetworkingCache.m */,
			);
			path = Caches;
			sourceTree = "<group>";
		};
		A0A2B9801E8F444C0088CE1F /* CustomQuickLook */ = {
			isa = PBXGroup;
			children = (
				A0A2B9881E8F45AB0088CE1F /* CustomPreviewController.h */,
				A0A2B9891E8F45AB0088CE1F /* CustomPreviewController.m */,
				A0A2B9811E8F445A0088CE1F /* Resources */,
			);
			path = CustomQuickLook;
			sourceTree = "<group>";
		};
		A0A2B9811E8F445A0088CE1F /* Resources */ = {
			isa = PBXGroup;
			children = (
				A0A2B98B1E8F46AF0088CE1F /* download@2x.png */,
				A0A2B9861E8F45760088CE1F /* Word.png */,
				A0A2B9841E8F45650088CE1F /* suspend@2x.png */,
			);
			path = Resources;
			sourceTree = "<group>";
		};
		A0A2B98D1E8F47D80088CE1F /* Models */ = {
			isa = PBXGroup;
			children = (
				A0A2B98E1E8F47FC0088CE1F /* AttachmentEntity.h */,
				A0A2B98F1E8F47FC0088CE1F /* AttachmentEntity.m */,
			);
			path = Models;
			sourceTree = "<group>";
		};
		A0D95CA91D546FD200404FFD = {
			isa = PBXGroup;
			children = (
				A06424B61E8CB2A8006323F5 /* libsqlite3.tbd */,
				A0B0CF0F1E8901D4001F4A51 /* QuickLook.framework */,
				A0D95CB41D546FD200404FFD /* JYNetworkDemo */,
				A0D95CB31D546FD200404FFD /* Products */,
				C22F3495BD0B2065C09D16B7 /* Pods */,
				D91E475FA479641596262A48 /* Frameworks */,
			);
			sourceTree = "<group>";
		};
		A0D95CB31D546FD200404FFD /* Products */ = {
			isa = PBXGroup;
			children = (
				A0D95CB21D546FD200404FFD /* JYNetworkDemo.app */,
			);
			name = Products;
			sourceTree = "<group>";
		};
		A0D95CB41D546FD200404FFD /* JYNetworkDemo */ = {
			isa = PBXGroup;
			children = (
				A0A2B9791E8E407D0088CE1F /* Caches */,
				A06424FB1E8CE5D8006323F5 /* Network */,
				A09C84971E7F70600063555E /* Config */,
				A06424D91E8CE55B006323F5 /* Sections */,
				A0D95CB81D546FD200404FFD /* AppDelegate.h */,
				A0D95CB91D546FD200404FFD /* AppDelegate.m */,
				A0D95CBE1D546FD200404FFD /* Main.storyboard */,
				A0D95CC11D546FD200404FFD /* Assets.xcassets */,
				A0D95CC31D546FD200404FFD /* LaunchScreen.storyboard */,
				A0D95CC61D546FD200404FFD /* Info.plist */,
				A0D95CB51D546FD200404FFD /* Supporting Files */,
			);
			path = JYNetworkDemo;
			sourceTree = "<group>";
		};
		A0D95CB51D546FD200404FFD /* Supporting Files */ = {
			isa = PBXGroup;
			children = (
				A0D95CB61D546FD200404FFD /* main.m */,
			);
			name = "Supporting Files";
			sourceTree = "<group>";
		};
		C22F3495BD0B2065C09D16B7 /* Pods */ = {
			isa = PBXGroup;
			children = (
				62C8D44B6CDFEC864E054736 /* Pods-JYNetworkDemo.debug.xcconfig */,
				5CC5022742764F2C5F6567FF /* Pods-JYNetworkDemo.release.xcconfig */,
			);
			name = Pods;
			sourceTree = "<group>";
		};
		D91E475FA479641596262A48 /* Frameworks */ = {
			isa = PBXGroup;
			children = (
				0502BFDF7DE6153BD9C28FD4 /* libPods-JYNetworkDemo.a */,
			);
			name = Frameworks;
			sourceTree = "<group>";
		};
/* End PBXGroup section */

/* Begin PBXNativeTarget section */
		A0D95CB11D546FD200404FFD /* JYNetworkDemo */ = {
			isa = PBXNativeTarget;
			buildConfigurationList = A0D95CC91D546FD200404FFD /* Build configuration list for PBXNativeTarget "JYNetworkDemo" */;
			buildPhases = (
				F7837568845E7F45D2800BBF /* [CP] Check Pods Manifest.lock */,
				A0D95CAE1D546FD200404FFD /* Sources */,
				A0D95CAF1D546FD200404FFD /* Frameworks */,
				A0D95CB01D546FD200404FFD /* Resources */,
				8B0CEB4E9E99ED06F2B7DDB4 /* [CP] Embed Pods Frameworks */,
				981F909F8DDE9F5BD517046B /* [CP] Copy Pods Resources */,
			);
			buildRules = (
			);
			dependencies = (
			);
			name = JYNetworkDemo;
			productName = JYNetworkDemo;
			productReference = A0D95CB21D546FD200404FFD /* JYNetworkDemo.app */;
			productType = "com.apple.product-type.application";
		};
/* End PBXNativeTarget section */

/* Begin PBXProject section */
		A0D95CAA1D546FD200404FFD /* Project object */ = {
			isa = PBXProject;
			attributes = {
				LastUpgradeCheck = 0730;
				ORGANIZATIONNAME = Jolie_Yang;
				TargetAttributes = {
					A0D95CB11D546FD200404FFD = {
						CreatedOnToolsVersion = 7.3.1;
					};
				};
			};
			buildConfigurationList = A0D95CAD1D546FD200404FFD /* Build configuration list for PBXProject "JYNetworkDemo" */;
			compatibilityVersion = "Xcode 3.2";
			developmentRegion = English;
			hasScannedForEncodings = 0;
			knownRegions = (
				en,
				Base,
			);
			mainGroup = A0D95CA91D546FD200404FFD;
			productRefGroup = A0D95CB31D546FD200404FFD /* Products */;
			projectDirPath = "";
			projectRoot = "";
			targets = (
				A0D95CB11D546FD200404FFD /* JYNetworkDemo */,
			);
		};
/* End PBXProject section */

/* Begin PBXResourcesBuildPhase section */
		A0D95CB01D546FD200404FFD /* Resources */ = {
			isa = PBXResourcesBuildPhase;
			buildActionMask = 2147483647;
			files = (
				A0A2B9871E8F45760088CE1F /* Word.png in Resources */,
				A0D95CC51D546FD200404FFD /* LaunchScreen.storyboard in Resources */,
				A0D95CC21D546FD200404FFD /* Assets.xcassets in Resources */,
				A0A2B9851E8F45650088CE1F /* suspend@2x.png in Resources */,
				A0A2B98C1E8F46AF0088CE1F /* download@2x.png in Resources */,
				A06424F11E8CE55B006323F5 /* AFDownloadFileViewController.xib in Resources */,
				A0D95CC01D546FD200404FFD /* Main.storyboard in Resources */,
			);
			runOnlyForDeploymentPostprocessing = 0;
		};
/* End PBXResourcesBuildPhase section */

/* Begin PBXShellScriptBuildPhase section */
		8B0CEB4E9E99ED06F2B7DDB4 /* [CP] Embed Pods Frameworks */ = {
			isa = PBXShellScriptBuildPhase;
			buildActionMask = 2147483647;
			files = (
			);
			inputPaths = (
			);
			name = "[CP] Embed Pods Frameworks";
			outputPaths = (
			);
			runOnlyForDeploymentPostprocessing = 0;
			shellPath = /bin/sh;
			shellScript = "\"${SRCROOT}/Pods/Target Support Files/Pods-JYNetworkDemo/Pods-JYNetworkDemo-frameworks.sh\"\n";
			showEnvVarsInLog = 0;
		};
		981F909F8DDE9F5BD517046B /* [CP] Copy Pods Resources */ = {
			isa = PBXShellScriptBuildPhase;
			buildActionMask = 2147483647;
			files = (
			);
			inputPaths = (
			);
			name = "[CP] Copy Pods Resources";
			outputPaths = (
			);
			runOnlyForDeploymentPostprocessing = 0;
			shellPath = /bin/sh;
			shellScript = "\"${SRCROOT}/Pods/Target Support Files/Pods-JYNetworkDemo/Pods-JYNetworkDemo-resources.sh\"\n";
			showEnvVarsInLog = 0;
		};
		F7837568845E7F45D2800BBF /* [CP] Check Pods Manifest.lock */ = {
			isa = PBXShellScriptBuildPhase;
			buildActionMask = 2147483647;
			files = (
			);
			inputPaths = (
			);
			name = "[CP] Check Pods Manifest.lock";
			outputPaths = (
			);
			runOnlyForDeploymentPostprocessing = 0;
			shellPath = /bin/sh;
			shellScript = "diff \"${PODS_ROOT}/../Podfile.lock\" \"${PODS_ROOT}/Manifest.lock\" > /dev/null\nif [ $? != 0 ] ; then\n    # print error to STDERR\n    echo \"error: The sandbox is not in sync with the Podfile.lock. Run 'pod install' or update your CocoaPods installation.\" >&2\n    exit 1\nfi\n";
			showEnvVarsInLog = 0;
		};
/* End PBXShellScriptBuildPhase section */

/* Begin PBXSourcesBuildPhase section */
		A0D95CAE1D546FD200404FFD /* Sources */ = {
			isa = PBXSourcesBuildPhase;
			buildActionMask = 2147483647;
			files = (
				A06424F41E8CE55B006323F5 /* AFUploadFileViewController.m in Sources */,
				A06424F01E8CE55B006323F5 /* AFDownloadFileViewController.m in Sources */,
				A06424F31E8CE55B006323F5 /* AFNetworkingViewController.m in Sources */,
				A0A2B97F1E8E407D0088CE1F /* CustomNetworkingCache.m in Sources */,
				A06425011E8CF3DA006323F5 /* CacheNetService.m in Sources */,
				A0D95CBA1D546FD200404FFD /* AppDelegate.m in Sources */,
				A0D95CB71D546FD200404FFD /* main.m in Sources */,
				A06424F91E8CE55B006323F5 /* defaultSessionViewController.m in Sources */,
				A06424F71E8CE55B006323F5 /* URLConnectionViewController.m in Sources */,
				A06424F61E8CE55B006323F5 /* RequestViewController.m in Sources */,
				A0A2B97E1E8E407D0088CE1F /* CustomCache.m in Sources */,
				A0A2B9901E8F47FC0088CE1F /* AttachmentEntity.m in Sources */,
				A06424F81E8CE55B006323F5 /* backgroundSessionViewController.m in Sources */,
				A0A2B98A1E8F45AB0088CE1F /* CustomPreviewController.m in Sources */,
			);
			runOnlyForDeploymentPostprocessing = 0;
		};
/* End PBXSourcesBuildPhase section */

/* Begin PBXVariantGroup section */
		A0D95CBE1D546FD200404FFD /* Main.storyboard */ = {
			isa = PBXVariantGroup;
			children = (
				A0D95CBF1D546FD200404FFD /* Base */,
			);
			name = Main.storyboard;
			sourceTree = "<group>";
		};
		A0D95CC31D546FD200404FFD /* LaunchScreen.storyboard */ = {
			isa = PBXVariantGroup;
			children = (
				A0D95CC41D546FD200404FFD /* Base */,
			);
			name = LaunchScreen.storyboard;
			sourceTree = "<group>";
		};
/* End PBXVariantGroup section */

/* Begin XCBuildConfiguration section */
		A0D95CC71D546FD200404FFD /* Debug */ = {
			isa = XCBuildConfiguration;
			buildSettings = {
				ALWAYS_SEARCH_USER_PATHS = NO;
				CLANG_ANALYZER_NONNULL = YES;
				CLANG_CXX_LANGUAGE_STANDARD = "gnu++0x";
				CLANG_CXX_LIBRARY = "libc++";
				CLANG_ENABLE_MODULES = YES;
				CLANG_ENABLE_OBJC_ARC = YES;
				CLANG_WARN_BOOL_CONVERSION = YES;
				CLANG_WARN_CONSTANT_CONVERSION = YES;
				CLANG_WARN_DIRECT_OBJC_ISA_USAGE = YES_ERROR;
				CLANG_WARN_EMPTY_BODY = YES;
				CLANG_WARN_ENUM_CONVERSION = YES;
				CLANG_WARN_INT_CONVERSION = YES;
				CLANG_WARN_OBJC_ROOT_CLASS = YES_ERROR;
				CLANG_WARN_UNREACHABLE_CODE = YES;
				CLANG_WARN__DUPLICATE_METHOD_MATCH = YES;
				"CODE_SIGN_IDENTITY[sdk=iphoneos*]" = "iPhone Developer";
				COPY_PHASE_STRIP = NO;
				DEBUG_INFORMATION_FORMAT = dwarf;
				ENABLE_STRICT_OBJC_MSGSEND = YES;
				ENABLE_TESTABILITY = YES;
				GCC_C_LANGUAGE_STANDARD = gnu99;
				GCC_DYNAMIC_NO_PIC = NO;
				GCC_NO_COMMON_BLOCKS = YES;
				GCC_OPTIMIZATION_LEVEL = 0;
				GCC_PREPROCESSOR_DEFINITIONS = (
					"DEBUG=1",
					"$(inherited)",
				);
				GCC_WARN_64_TO_32_BIT_CONVERSION = YES;
				GCC_WARN_ABOUT_RETURN_TYPE = YES_ERROR;
				GCC_WARN_UNDECLARED_SELECTOR = YES;
				GCC_WARN_UNINITIALIZED_AUTOS = YES_AGGRESSIVE;
				GCC_WARN_UNUSED_FUNCTION = YES;
				GCC_WARN_UNUSED_VARIABLE = YES;
				IPHONEOS_DEPLOYMENT_TARGET = 9.3;
				MTL_ENABLE_DEBUG_INFO = YES;
				ONLY_ACTIVE_ARCH = YES;
				SDKROOT = iphoneos;
				TARGETED_DEVICE_FAMILY = "1,2";
			};
			name = Debug;
		};
		A0D95CC81D546FD200404FFD /* Release */ = {
			isa = XCBuildConfiguration;
			buildSettings = {
				ALWAYS_SEARCH_USER_PATHS = NO;
				CLANG_ANALYZER_NONNULL = YES;
				CLANG_CXX_LANGUAGE_STANDARD = "gnu++0x";
				CLANG_CXX_LIBRARY = "libc++";
				CLANG_ENABLE_MODULES = YES;
				CLANG_ENABLE_OBJC_ARC = YES;
				CLANG_WARN_BOOL_CONVERSION = YES;
				CLANG_WARN_CONSTANT_CONVERSION = YES;
				CLANG_WARN_DIRECT_OBJC_ISA_USAGE = YES_ERROR;
				CLANG_WARN_EMPTY_BODY = YES;
				CLANG_WARN_ENUM_CONVERSION = YES;
				CLANG_WARN_INT_CONVERSION = YES;
				CLANG_WARN_OBJC_ROOT_CLASS = YES_ERROR;
				CLANG_WARN_UNREACHABLE_CODE = YES;
				CLANG_WARN__DUPLICATE_METHOD_MATCH = YES;
				"CODE_SIGN_IDENTITY[sdk=iphoneos*]" = "iPhone Developer";
				COPY_PHASE_STRIP = NO;
				DEBUG_INFORMATION_FORMAT = "dwarf-with-dsym";
				ENABLE_NS_ASSERTIONS = NO;
				ENABLE_STRICT_OBJC_MSGSEND = YES;
				GCC_C_LANGUAGE_STANDARD = gnu99;
				GCC_NO_COMMON_BLOCKS = YES;
				GCC_WARN_64_TO_32_BIT_CONVERSION = YES;
				GCC_WARN_ABOUT_RETURN_TYPE = YES_ERROR;
				GCC_WARN_UNDECLARED_SELECTOR = YES;
				GCC_WARN_UNINITIALIZED_AUTOS = YES_AGGRESSIVE;
				GCC_WARN_UNUSED_FUNCTION = YES;
				GCC_WARN_UNUSED_VARIABLE = YES;
				IPHONEOS_DEPLOYMENT_TARGET = 9.3;
				MTL_ENABLE_DEBUG_INFO = NO;
				SDKROOT = iphoneos;
				TARGETED_DEVICE_FAMILY = "1,2";
				VALIDATE_PRODUCT = YES;
			};
			name = Release;
		};
		A0D95CCA1D546FD200404FFD /* Debug */ = {
			isa = XCBuildConfiguration;
			baseConfigurationReference = 62C8D44B6CDFEC864E054736 /* Pods-JYNetworkDemo.debug.xcconfig */;
			buildSettings = {
				ASSETCATALOG_COMPILER_APPICON_NAME = AppIcon;
				CODE_SIGN_IDENTITY = "iPhone Developer";
				INFOPLIST_FILE = JYNetworkDemo/Info.plist;
				LD_RUNPATH_SEARCH_PATHS = "$(inherited) @executable_path/Frameworks";
				PRODUCT_BUNDLE_IDENTIFIER = com.NL.JYNetworkDemo;
				PRODUCT_NAME = "$(TARGET_NAME)";
				PROVISIONING_PROFILE = "";
			};
			name = Debug;
		};
		A0D95CCB1D546FD200404FFD /* Release */ = {
			isa = XCBuildConfiguration;
			baseConfigurationReference = 5CC5022742764F2C5F6567FF /* Pods-JYNetworkDemo.release.xcconfig */;
			buildSettings = {
				ASSETCATALOG_COMPILER_APPICON_NAME = AppIcon;
				INFOPLIST_FILE = JYNetworkDemo/Info.plist;
				LD_RUNPATH_SEARCH_PATHS = "$(inherited) @executable_path/Frameworks";
				PRODUCT_BUNDLE_IDENTIFIER = com.NL.JYNetworkDemo;
				PRODUCT_NAME = "$(TARGET_NAME)";
			};
			name = Release;
		};
/* End XCBuildConfiguration section */

/* Begin XCConfigurationList section */
		A0D95CAD1D546FD200404FFD /* Build configuration list for PBXProject "JYNetworkDemo" */ = {
			isa = XCConfigurationList;
			buildConfigurations = (
				A0D95CC71D546FD200404FFD /* Debug */,
				A0D95CC81D546FD200404FFD /* Release */,
			);
			defaultConfigurationIsVisible = 0;
			defaultConfigurationName = Release;
		};
		A0D95CC91D546FD200404FFD /* Build configuration list for PBXNativeTarget "JYNetworkDemo" */ = {
			isa = XCConfigurationList;
			buildConfigurations = (
				A0D95CCA1D546FD200404FFD /* Debug */,
				A0D95CCB1D546FD200404FFD /* Release */,
			);
			defaultConfigurationIsVisible = 0;
			defaultConfigurationName = Release;
		};
/* End XCConfigurationList section */
	};
	rootObject = A0D95CAA1D546FD200404FFD /* Project object */;
}
