// !$*UTF8*$!
{
	archiveVersion = 1;
	classes = {
	};
	objectVersion = 46;
	objects = {

/* Begin PBXBuildFile section */
		A04A84E81D5DBCC400550140 /* JYURLSessionManager.m in Sources */ = {isa = PBXBuildFile; fileRef = A04A84E71D5DBCC400550140 /* JYURLSessionManager.m */; };
		A09C84911E7F6FD50063555E /* AFHTTPSessionManager.m in Sources */ = {isa = PBXBuildFile; fileRef = A09C84851E7F6FD50063555E /* AFHTTPSessionManager.m */; };
		A09C84921E7F6FD50063555E /* AFNetworkReachabilityManager.m in Sources */ = {isa = PBXBuildFile; fileRef = A09C84881E7F6FD50063555E /* AFNetworkReachabilityManager.m */; };
		A09C84931E7F6FD50063555E /* AFSecurityPolicy.m in Sources */ = {isa = PBXBuildFile; fileRef = A09C848A1E7F6FD50063555E /* AFSecurityPolicy.m */; };
		A09C84941E7F6FD50063555E /* AFURLRequestSerialization.m in Sources */ = {isa = PBXBuildFile; fileRef = A09C848C1E7F6FD50063555E /* AFURLRequestSerialization.m */; };
		A09C84951E7F6FD50063555E /* AFURLResponseSerialization.m in Sources */ = {isa = PBXBuildFile; fileRef = A09C848E1E7F6FD50063555E /* AFURLResponseSerialization.m */; };
		A09C84961E7F6FD50063555E /* AFURLSessionManager.m in Sources */ = {isa = PBXBuildFile; fileRef = A09C84901E7F6FD50063555E /* AFURLSessionManager.m */; };
		A09C84A71E7F70600063555E /* AFNetworkingViewController.m in Sources */ = {isa = PBXBuildFile; fileRef = A09C849C1E7F70600063555E /* AFNetworkingViewController.m */; };
		A09C84A81E7F70600063555E /* URLConnectionViewController.m in Sources */ = {isa = PBXBuildFile; fileRef = A09C849F1E7F70600063555E /* URLConnectionViewController.m */; };
		A09C84A91E7F70600063555E /* backgroundSessionViewController.m in Sources */ = {isa = PBXBuildFile; fileRef = A09C84A21E7F70600063555E /* backgroundSessionViewController.m */; };
		A09C84AA1E7F70600063555E /* defaultSessionViewController.m in Sources */ = {isa = PBXBuildFile; fileRef = A09C84A41E7F70600063555E /* defaultSessionViewController.m */; };
		A09C84AF1E7F71690063555E /* AFDownloadFileViewController.m in Sources */ = {isa = PBXBuildFile; fileRef = A09C84AD1E7F71690063555E /* AFDownloadFileViewController.m */; };
		A09C84B01E7F71690063555E /* AFDownloadFileViewController.xib in Resources */ = {isa = PBXBuildFile; fileRef = A09C84AE1E7F71690063555E /* AFDownloadFileViewController.xib */; };
		A09C84B81E7FB1600063555E /* .gitignore in Resources */ = {isa = PBXBuildFile; fileRef = A09C84B21E7FB1600063555E /* .gitignore */; };
		A09C84BA1E7FB1600063555E /* AFDownloadRequestOperation.podspec in Resources */ = {isa = PBXBuildFile; fileRef = A09C84B51E7FB1600063555E /* AFDownloadRequestOperation.podspec */; };
		A09C84BB1E7FB1600063555E /* LICENCE in Resources */ = {isa = PBXBuildFile; fileRef = A09C84B61E7FB1600063555E /* LICENCE */; };
		A09C84BC1E7FB1600063555E /* README.md in Sources */ = {isa = PBXBuildFile; fileRef = A09C84B71E7FB1600063555E /* README.md */; };
		A09C84BF1E7FCA430063555E /* RequestViewController.m in Sources */ = {isa = PBXBuildFile; fileRef = A09C84BE1E7FCA430063555E /* RequestViewController.m */; };
		A0C70AB91D5ACA54006F7753 /* JYRequest.m in Sources */ = {isa = PBXBuildFile; fileRef = A0C70AB81D5ACA54006F7753 /* JYRequest.m */; };
		A0C70ABC1D5ACA62006F7753 /* JYResponse.m in Sources */ = {isa = PBXBuildFile; fileRef = A0C70ABB1D5ACA62006F7753 /* JYResponse.m */; };
		A0D95CB71D546FD200404FFD /* main.m in Sources */ = {isa = PBXBuildFile; fileRef = A0D95CB61D546FD200404FFD /* main.m */; };
		A0D95CBA1D546FD200404FFD /* AppDelegate.m in Sources */ = {isa = PBXBuildFile; fileRef = A0D95CB91D546FD200404FFD /* AppDelegate.m */; };
		A0D95CC01D546FD200404FFD /* Main.storyboard in Resources */ = {isa = PBXBuildFile; fileRef = A0D95CBE1D546FD200404FFD /* Main.storyboard */; };
		A0D95CC21D546FD200404FFD /* Assets.xcassets in Resources */ = {isa = PBXBuildFile; fileRef = A0D95CC11D546FD200404FFD /* Assets.xcassets */; };
		A0D95CC51D546FD200404FFD /* LaunchScreen.storyboard in Resources */ = {isa = PBXBuildFile; fileRef = A0D95CC31D546FD200404FFD /* LaunchScreen.storyboard */; };
		A0D95CEF1D5ABE7200404FFD /* JYNetworking.m in Sources */ = {isa = PBXBuildFile; fileRef = A0D95CEE1D5ABE7200404FFD /* JYNetworking.m */; };
/* End PBXBuildFile section */

/* Begin PBXFileReference section */
		A04A84E61D5DBCC400550140 /* JYURLSessionManager.h */ = {isa = PBXFileReference; fileEncoding = 4; lastKnownFileType = sourcecode.c.h; name = JYURLSessionManager.h; path = Networking/JYURLSessionManager.h; sourceTree = "<group>"; };
		A04A84E71D5DBCC400550140 /* JYURLSessionManager.m */ = {isa = PBXFileReference; fileEncoding = 4; lastKnownFileType = sourcecode.c.objc; name = JYURLSessionManager.m; path = Networking/JYURLSessionManager.m; sourceTree = "<group>"; };
		A09C84841E7F6FD50063555E /* AFHTTPSessionManager.h */ = {isa = PBXFileReference; fileEncoding = 4; lastKnownFileType = sourcecode.c.h; path = AFHTTPSessionManager.h; sourceTree = "<group>"; };
		A09C84851E7F6FD50063555E /* AFHTTPSessionManager.m */ = {isa = PBXFileReference; fileEncoding = 4; lastKnownFileType = sourcecode.c.objc; path = AFHTTPSessionManager.m; sourceTree = "<group>"; };
		A09C84861E7F6FD50063555E /* AFNetworking.h */ = {isa = PBXFileReference; fileEncoding = 4; lastKnownFileType = sourcecode.c.h; path = AFNetworking.h; sourceTree = "<group>"; };
		A09C84871E7F6FD50063555E /* AFNetworkReachabilityManager.h */ = {isa = PBXFileReference; fileEncoding = 4; lastKnownFileType = sourcecode.c.h; path = AFNetworkReachabilityManager.h; sourceTree = "<group>"; };
		A09C84881E7F6FD50063555E /* AFNetworkReachabilityManager.m */ = {isa = PBXFileReference; fileEncoding = 4; lastKnownFileType = sourcecode.c.objc; path = AFNetworkReachabilityManager.m; sourceTree = "<group>"; };
		A09C84891E7F6FD50063555E /* AFSecurityPolicy.h */ = {isa = PBXFileReference; fileEncoding = 4; lastKnownFileType = sourcecode.c.h; path = AFSecurityPolicy.h; sourceTree = "<group>"; };
		A09C848A1E7F6FD50063555E /* AFSecurityPolicy.m */ = {isa = PBXFileReference; fileEncoding = 4; lastKnownFileType = sourcecode.c.objc; path = AFSecurityPolicy.m; sourceTree = "<group>"; };
		A09C848B1E7F6FD50063555E /* AFURLRequestSerialization.h */ = {isa = PBXFileReference; fileEncoding = 4; lastKnownFileType = sourcecode.c.h; path = AFURLRequestSerialization.h; sourceTree = "<group>"; };
		A09C848C1E7F6FD50063555E /* AFURLRequestSerialization.m */ = {isa = PBXFileReference; fileEncoding = 4; lastKnownFileType = sourcecode.c.objc; path = AFURLRequestSerialization.m; sourceTree = "<group>"; };
		A09C848D1E7F6FD50063555E /* AFURLResponseSerialization.h */ = {isa = PBXFileReference; fileEncoding = 4; lastKnownFileType = sourcecode.c.h; path = AFURLResponseSerialization.h; sourceTree = "<group>"; };
		A09C848E1E7F6FD50063555E /* AFURLResponseSerialization.m */ = {isa = PBXFileReference; fileEncoding = 4; lastKnownFileType = sourcecode.c.objc; path = AFURLResponseSerialization.m; sourceTree = "<group>"; };
		A09C848F1E7F6FD50063555E /* AFURLSessionManager.h */ = {isa = PBXFileReference; fileEncoding = 4; lastKnownFileType = sourcecode.c.h; path = AFURLSessionManager.h; sourceTree = "<group>"; };
		A09C84901E7F6FD50063555E /* AFURLSessionManager.m */ = {isa = PBXFileReference; fileEncoding = 4; lastKnownFileType = sourcecode.c.objc; path = AFURLSessionManager.m; sourceTree = "<group>"; };
		A09C84981E7F70600063555E /* const.h */ = {isa = PBXFileReference; fileEncoding = 4; lastKnownFileType = sourcecode.c.h; path = const.h; sourceTree = "<group>"; };
		A09C849B1E7F70600063555E /* AFNetworkingViewController.h */ = {isa = PBXFileReference; fileEncoding = 4; lastKnownFileType = sourcecode.c.h; path = AFNetworkingViewController.h; sourceTree = "<group>"; };
		A09C849C1E7F70600063555E /* AFNetworkingViewController.m */ = {isa = PBXFileReference; fileEncoding = 4; lastKnownFileType = sourcecode.c.objc; path = AFNetworkingViewController.m; sourceTree = "<group>"; };
		A09C849E1E7F70600063555E /* URLConnectionViewController.h */ = {isa = PBXFileReference; fileEncoding = 4; lastKnownFileType = sourcecode.c.h; path = URLConnectionViewController.h; sourceTree = "<group>"; };
		A09C849F1E7F70600063555E /* URLConnectionViewController.m */ = {isa = PBXFileReference; fileEncoding = 4; lastKnownFileType = sourcecode.c.objc; path = URLConnectionViewController.m; sourceTree = "<group>"; };
		A09C84A11E7F70600063555E /* backgroundSessionViewController.h */ = {isa = PBXFileReference; fileEncoding = 4; lastKnownFileType = sourcecode.c.h; path = backgroundSessionViewController.h; sourceTree = "<group>"; };
		A09C84A21E7F70600063555E /* backgroundSessionViewController.m */ = {isa = PBXFileReference; fileEncoding = 4; lastKnownFileType = sourcecode.c.objc; path = backgroundSessionViewController.m; sourceTree = "<group>"; };
		A09C84A31E7F70600063555E /* defaultSessionViewController.h */ = {isa = PBXFileReference; fileEncoding = 4; lastKnownFileType = sourcecode.c.h; path = defaultSessionViewController.h; sourceTree = "<group>"; };
		A09C84A41E7F70600063555E /* defaultSessionViewController.m */ = {isa = PBXFileReference; fileEncoding = 4; lastKnownFileType = sourcecode.c.objc; path = defaultSessionViewController.m; sourceTree = "<group>"; };
		A09C84AC1E7F71690063555E /* AFDownloadFileViewController.h */ = {isa = PBXFileReference; fileEncoding = 4; lastKnownFileType = sourcecode.c.h; path = AFDownloadFileViewController.h; sourceTree = "<group>"; };
		A09C84AD1E7F71690063555E /* AFDownloadFileViewController.m */ = {isa = PBXFileReference; fileEncoding = 4; lastKnownFileType = sourcecode.c.objc; path = AFDownloadFileViewController.m; sourceTree = "<group>"; };
		A09C84AE1E7F71690063555E /* AFDownloadFileViewController.xib */ = {isa = PBXFileReference; fileEncoding = 4; lastKnownFileType = file.xib; path = AFDownloadFileViewController.xib; sourceTree = "<group>"; };
		A09C84B21E7FB1600063555E /* .gitignore */ = {isa = PBXFileReference; fileEncoding = 4; lastKnownFileType = text; path = .gitignore; sourceTree = "<group>"; };
		A09C84B31E7FB1600063555E /* AFDownloadRequestOperation.h */ = {isa = PBXFileReference; fileEncoding = 4; lastKnownFileType = sourcecode.c.h; path = AFDownloadRequestOperation.h; sourceTree = "<group>"; };
		A09C84B51E7FB1600063555E /* AFDownloadRequestOperation.podspec */ = {isa = PBXFileReference; fileEncoding = 4; lastKnownFileType = text; path = AFDownloadRequestOperation.podspec; sourceTree = "<group>"; };
		A09C84B61E7FB1600063555E /* LICENCE */ = {isa = PBXFileReference; fileEncoding = 4; lastKnownFileType = text; path = LICENCE; sourceTree = "<group>"; };
		A09C84B71E7FB1600063555E /* README.md */ = {isa = PBXFileReference; fileEncoding = 4; lastKnownFileType = net.daringfireball.markdown; path = README.md; sourceTree = "<group>"; };
		A09C84BD1E7FCA430063555E /* RequestViewController.h */ = {isa = PBXFileReference; fileEncoding = 4; lastKnownFileType = sourcecode.c.h; path = RequestViewController.h; sourceTree = "<group>"; };
		A09C84BE1E7FCA430063555E /* RequestViewController.m */ = {isa = PBXFileReference; fileEncoding = 4; lastKnownFileType = sourcecode.c.objc; path = RequestViewController.m; sourceTree = "<group>"; };
		A0C70AB71D5ACA54006F7753 /* JYRequest.h */ = {isa = PBXFileReference; fileEncoding = 4; lastKnownFileType = sourcecode.c.h; name = JYRequest.h; path = Networking/JYRequest.h; sourceTree = "<group>"; };
		A0C70AB81D5ACA54006F7753 /* JYRequest.m */ = {isa = PBXFileReference; fileEncoding = 4; lastKnownFileType = sourcecode.c.objc; name = JYRequest.m; path = Networking/JYRequest.m; sourceTree = "<group>"; };
		A0C70ABA1D5ACA62006F7753 /* JYResponse.h */ = {isa = PBXFileReference; fileEncoding = 4; lastKnownFileType = sourcecode.c.h; name = JYResponse.h; path = Networking/JYResponse.h; sourceTree = "<group>"; };
		A0C70ABB1D5ACA62006F7753 /* JYResponse.m */ = {isa = PBXFileReference; fileEncoding = 4; lastKnownFileType = sourcecode.c.objc; name = JYResponse.m; path = Networking/JYResponse.m; sourceTree = "<group>"; };
		A0D95CB21D546FD200404FFD /* JYNetworkDemo.app */ = {isa = PBXFileReference; explicitFileType = wrapper.application; includeInIndex = 0; path = JYNetworkDemo.app; sourceTree = BUILT_PRODUCTS_DIR; };
		A0D95CB61D546FD200404FFD /* main.m */ = {isa = PBXFileReference; lastKnownFileType = sourcecode.c.objc; path = main.m; sourceTree = "<group>"; };
		A0D95CB81D546FD200404FFD /* AppDelegate.h */ = {isa = PBXFileReference; lastKnownFileType = sourcecode.c.h; path = AppDelegate.h; sourceTree = "<group>"; };
		A0D95CB91D546FD200404FFD /* AppDelegate.m */ = {isa = PBXFileReference; lastKnownFileType = sourcecode.c.objc; path = AppDelegate.m; sourceTree = "<group>"; };
		A0D95CBF1D546FD200404FFD /* Base */ = {isa = PBXFileReference; lastKnownFileType = file.storyboard; name = Base; path = Base.lproj/Main.storyboard; sourceTree = "<group>"; };
		A0D95CC11D546FD200404FFD /* Assets.xcassets */ = {isa = PBXFileReference; lastKnownFileType = folder.assetcatalog; path = Assets.xcassets; sourceTree = "<group>"; };
		A0D95CC41D546FD200404FFD /* Base */ = {isa = PBXFileReference; lastKnownFileType = file.storyboard; name = Base; path = Base.lproj/LaunchScreen.storyboard; sourceTree = "<group>"; };
		A0D95CC61D546FD200404FFD /* Info.plist */ = {isa = PBXFileReference; lastKnownFileType = text.plist.xml; path = Info.plist; sourceTree = "<group>"; };
		A0D95CED1D5ABE7200404FFD /* JYNetworking.h */ = {isa = PBXFileReference; fileEncoding = 4; lastKnownFileType = sourcecode.c.h; name = JYNetworking.h; path = Networking/JYNetworking.h; sourceTree = "<group>"; };
		A0D95CEE1D5ABE7200404FFD /* JYNetworking.m */ = {isa = PBXFileReference; fileEncoding = 4; lastKnownFileType = sourcecode.c.objc; name = JYNetworking.m; path = Networking/JYNetworking.m; sourceTree = "<group>"; };
/* End PBXFileReference section */

/* Begin PBXFrameworksBuildPhase section */
		A0D95CAF1D546FD200404FFD /* Frameworks */ = {
			isa = PBXFrameworksBuildPhase;
			buildActionMask = 2147483647;
			files = (
			);
			runOnlyForDeploymentPostprocessing = 0;
		};
/* End PBXFrameworksBuildPhase section */

/* Begin PBXGroup section */
		A09C84821E7F6FD50063555E /* Library */ = {
			isa = PBXGroup;
			children = (
				A09C84B11E7FB1600063555E /* AFDownloadRequestOperation-master */,
				A09C84831E7F6FD50063555E /* AFNetworking */,
			);
			path = Library;
			sourceTree = "<group>";
		};
		A09C84831E7F6FD50063555E /* AFNetworking */ = {
			isa = PBXGroup;
			children = (
				A09C84841E7F6FD50063555E /* AFHTTPSessionManager.h */,
				A09C84851E7F6FD50063555E /* AFHTTPSessionManager.m */,
				A09C84861E7F6FD50063555E /* AFNetworking.h */,
				A09C84871E7F6FD50063555E /* AFNetworkReachabilityManager.h */,
				A09C84881E7F6FD50063555E /* AFNetworkReachabilityManager.m */,
				A09C84891E7F6FD50063555E /* AFSecurityPolicy.h */,
				A09C848A1E7F6FD50063555E /* AFSecurityPolicy.m */,
				A09C848B1E7F6FD50063555E /* AFURLRequestSerialization.h */,
				A09C848C1E7F6FD50063555E /* AFURLRequestSerialization.m */,
				A09C848D1E7F6FD50063555E /* AFURLResponseSerialization.h */,
				A09C848E1E7F6FD50063555E /* AFURLResponseSerialization.m */,
				A09C848F1E7F6FD50063555E /* AFURLSessionManager.h */,
				A09C84901E7F6FD50063555E /* AFURLSessionManager.m */,
			);
			path = AFNetworking;
			sourceTree = "<group>";
		};
		A09C84971E7F70600063555E /* Config */ = {
			isa = PBXGroup;
			children = (
				A09C84981E7F70600063555E /* const.h */,
			);
			path = Config;
			sourceTree = "<group>";
		};
		A09C84991E7F70600063555E /* ViewController */ = {
			isa = PBXGroup;
			children = (
				A09C84BD1E7FCA430063555E /* RequestViewController.h */,
				A09C84BE1E7FCA430063555E /* RequestViewController.m */,
				A09C849D1E7F70600063555E /* URLConnection */,
				A09C84A01E7F70600063555E /* URLSession */,
				A09C849A1E7F70600063555E /* AFNetworking */,
			);
			path = ViewController;
			sourceTree = "<group>";
		};
		A09C849A1E7F70600063555E /* AFNetworking */ = {
			isa = PBXGroup;
			children = (
				A09C849B1E7F70600063555E /* AFNetworkingViewController.h */,
				A09C849C1E7F70600063555E /* AFNetworkingViewController.m */,
				A09C84AC1E7F71690063555E /* AFDownloadFileViewController.h */,
				A09C84AD1E7F71690063555E /* AFDownloadFileViewController.m */,
				A09C84AE1E7F71690063555E /* AFDownloadFileViewController.xib */,
			);
			path = AFNetworking;
			sourceTree = "<group>";
		};
		A09C849D1E7F70600063555E /* URLConnection */ = {
			isa = PBXGroup;
			children = (
				A09C849E1E7F70600063555E /* URLConnectionViewController.h */,
				A09C849F1E7F70600063555E /* URLConnectionViewController.m */,
			);
			path = URLConnection;
			sourceTree = "<group>";
		};
		A09C84A01E7F70600063555E /* URLSession */ = {
			isa = PBXGroup;
			children = (
				A09C84A11E7F70600063555E /* backgroundSessionViewController.h */,
				A09C84A21E7F70600063555E /* backgroundSessionViewController.m */,
				A09C84A31E7F70600063555E /* defaultSessionViewController.h */,
				A09C84A41E7F70600063555E /* defaultSessionViewController.m */,
			);
			path = URLSession;
			sourceTree = "<group>";
		};
		A09C84B11E7FB1600063555E /* AFDownloadRequestOperation-master */ = {
			isa = PBXGroup;
			children = (
				A09C84B21E7FB1600063555E /* .gitignore */,
				A09C84B31E7FB1600063555E /* AFDownloadRequestOperation.h */,
				A09C84B51E7FB1600063555E /* AFDownloadRequestOperation.podspec */,
				A09C84B61E7FB1600063555E /* LICENCE */,
				A09C84B71E7FB1600063555E /* README.md */,
			);
			path = "AFDownloadRequestOperation-master";
			sourceTree = "<group>";
		};
		A0D95CA91D546FD200404FFD = {
			isa = PBXGroup;
			children = (
				A0D95CB41D546FD200404FFD /* JYNetworkDemo */,
				A0D95CB31D546FD200404FFD /* Products */,
			);
			sourceTree = "<group>";
		};
		A0D95CB31D546FD200404FFD /* Products */ = {
			isa = PBXGroup;
			children = (
				A0D95CB21D546FD200404FFD /* JYNetworkDemo.app */,
			);
			name = Products;
			sourceTree = "<group>";
		};
		A0D95CB41D546FD200404FFD /* JYNetworkDemo */ = {
			isa = PBXGroup;
			children = (
				A09C84971E7F70600063555E /* Config */,
				A09C84991E7F70600063555E /* ViewController */,
				A0D95CEC1D5ABE0200404FFD /* Networking */,
				A09C84821E7F6FD50063555E /* Library */,
				A0D95CB81D546FD200404FFD /* AppDelegate.h */,
				A0D95CB91D546FD200404FFD /* AppDelegate.m */,
				A0D95CBE1D546FD200404FFD /* Main.storyboard */,
				A0D95CC11D546FD200404FFD /* Assets.xcassets */,
				A0D95CC31D546FD200404FFD /* LaunchScreen.storyboard */,
				A0D95CC61D546FD200404FFD /* Info.plist */,
				A0D95CB51D546FD200404FFD /* Supporting Files */,
			);
			path = JYNetworkDemo;
			sourceTree = "<group>";
		};
		A0D95CB51D546FD200404FFD /* Supporting Files */ = {
			isa = PBXGroup;
			children = (
				A0D95CB61D546FD200404FFD /* main.m */,
			);
			name = "Supporting Files";
			sourceTree = "<group>";
		};
		A0D95CEC1D5ABE0200404FFD /* Networking */ = {
			isa = PBXGroup;
			children = (
				A0D95CED1D5ABE7200404FFD /* JYNetworking.h */,
				A0D95CEE1D5ABE7200404FFD /* JYNetworking.m */,
				A0C70AB71D5ACA54006F7753 /* JYRequest.h */,
				A0C70AB81D5ACA54006F7753 /* JYRequest.m */,
				A0C70ABA1D5ACA62006F7753 /* JYResponse.h */,
				A0C70ABB1D5ACA62006F7753 /* JYResponse.m */,
				A04A84E61D5DBCC400550140 /* JYURLSessionManager.h */,
				A04A84E71D5DBCC400550140 /* JYURLSessionManager.m */,
			);
			name = Networking;
			sourceTree = "<group>";
		};
/* End PBXGroup section */

/* Begin PBXNativeTarget section */
		A0D95CB11D546FD200404FFD /* JYNetworkDemo */ = {
			isa = PBXNativeTarget;
			buildConfigurationList = A0D95CC91D546FD200404FFD /* Build configuration list for PBXNativeTarget "JYNetworkDemo" */;
			buildPhases = (
				A0D95CAE1D546FD200404FFD /* Sources */,
				A0D95CAF1D546FD200404FFD /* Frameworks */,
				A0D95CB01D546FD200404FFD /* Resources */,
			);
			buildRules = (
			);
			dependencies = (
			);
			name = JYNetworkDemo;
			productName = JYNetworkDemo;
			productReference = A0D95CB21D546FD200404FFD /* JYNetworkDemo.app */;
			productType = "com.apple.product-type.application";
		};
/* End PBXNativeTarget section */

/* Begin PBXProject section */
		A0D95CAA1D546FD200404FFD /* Project object */ = {
			isa = PBXProject;
			attributes = {
				LastUpgradeCheck = 0730;
				ORGANIZATIONNAME = Jolie_Yang;
				TargetAttributes = {
					A0D95CB11D546FD200404FFD = {
						CreatedOnToolsVersion = 7.3.1;
					};
				};
			};
			buildConfigurationList = A0D95CAD1D546FD200404FFD /* Build configuration list for PBXProject "JYNetworkDemo" */;
			compatibilityVersion = "Xcode 3.2";
			developmentRegion = English;
			hasScannedForEncodings = 0;
			knownRegions = (
				en,
				Base,
			);
			mainGroup = A0D95CA91D546FD200404FFD;
			productRefGroup = A0D95CB31D546FD200404FFD /* Products */;
			projectDirPath = "";
			projectRoot = "";
			targets = (
				A0D95CB11D546FD200404FFD /* JYNetworkDemo */,
			);
		};
/* End PBXProject section */

/* Begin PBXResourcesBuildPhase section */
		A0D95CB01D546FD200404FFD /* Resources */ = {
			isa = PBXResourcesBuildPhase;
			buildActionMask = 2147483647;
			files = (
				A09C84B81E7FB1600063555E /* .gitignore in Resources */,
				A09C84BB1E7FB1600063555E /* LICENCE in Resources */,
				A0D95CC51D546FD200404FFD /* LaunchScreen.storyboard in Resources */,
				A0D95CC21D546FD200404FFD /* Assets.xcassets in Resources */,
				A09C84BA1E7FB1600063555E /* AFDownloadRequestOperation.podspec in Resources */,
				A09C84B01E7F71690063555E /* AFDownloadFileViewController.xib in Resources */,
				A0D95CC01D546FD200404FFD /* Main.storyboard in Resources */,
			);
			runOnlyForDeploymentPostprocessing = 0;
		};
/* End PBXResourcesBuildPhase section */

/* Begin PBXSourcesBuildPhase section */
		A0D95CAE1D546FD200404FFD /* Sources */ = {
			isa = PBXSourcesBuildPhase;
			buildActionMask = 2147483647;
			files = (
				A09C84961E7F6FD50063555E /* AFURLSessionManager.m in Sources */,
				A09C84AA1E7F70600063555E /* defaultSessionViewController.m in Sources */,
				A09C84BC1E7FB1600063555E /* README.md in Sources */,
				A09C84931E7F6FD50063555E /* AFSecurityPolicy.m in Sources */,
				A09C84A91E7F70600063555E /* backgroundSessionViewController.m in Sources */,
				A09C84A71E7F70600063555E /* AFNetworkingViewController.m in Sources */,
				A09C84921E7F6FD50063555E /* AFNetworkReachabilityManager.m in Sources */,
				A04A84E81D5DBCC400550140 /* JYURLSessionManager.m in Sources */,
				A09C84911E7F6FD50063555E /* AFHTTPSessionManager.m in Sources */,
				A0D95CBA1D546FD200404FFD /* AppDelegate.m in Sources */,
				A0D95CEF1D5ABE7200404FFD /* JYNetworking.m in Sources */,
				A0D95CB71D546FD200404FFD /* main.m in Sources */,
				A0C70ABC1D5ACA62006F7753 /* JYResponse.m in Sources */,
				A09C84941E7F6FD50063555E /* AFURLRequestSerialization.m in Sources */,
				A09C84AF1E7F71690063555E /* AFDownloadFileViewController.m in Sources */,
				A09C84951E7F6FD50063555E /* AFURLResponseSerialization.m in Sources */,
				A09C84A81E7F70600063555E /* URLConnectionViewController.m in Sources */,
				A0C70AB91D5ACA54006F7753 /* JYRequest.m in Sources */,
				A09C84BF1E7FCA430063555E /* RequestViewController.m in Sources */,
			);
			runOnlyForDeploymentPostprocessing = 0;
		};
/* End PBXSourcesBuildPhase section */

/* Begin PBXVariantGroup section */
		A0D95CBE1D546FD200404FFD /* Main.storyboard */ = {
			isa = PBXVariantGroup;
			children = (
				A0D95CBF1D546FD200404FFD /* Base */,
			);
			name = Main.storyboard;
			sourceTree = "<group>";
		};
		A0D95CC31D546FD200404FFD /* LaunchScreen.storyboard */ = {
			isa = PBXVariantGroup;
			children = (
				A0D95CC41D546FD200404FFD /* Base */,
			);
			name = LaunchScreen.storyboard;
			sourceTree = "<group>";
		};
/* End PBXVariantGroup section */

/* Begin XCBuildConfiguration section */
		A0D95CC71D546FD200404FFD /* Debug */ = {
			isa = XCBuildConfiguration;
			buildSettings = {
				ALWAYS_SEARCH_USER_PATHS = NO;
				CLANG_ANALYZER_NONNULL = YES;
				CLANG_CXX_LANGUAGE_STANDARD = "gnu++0x";
				CLANG_CXX_LIBRARY = "libc++";
				CLANG_ENABLE_MODULES = YES;
				CLANG_ENABLE_OBJC_ARC = YES;
				CLANG_WARN_BOOL_CONVERSION = YES;
				CLANG_WARN_CONSTANT_CONVERSION = YES;
				CLANG_WARN_DIRECT_OBJC_ISA_USAGE = YES_ERROR;
				CLANG_WARN_EMPTY_BODY = YES;
				CLANG_WARN_ENUM_CONVERSION = YES;
				CLANG_WARN_INT_CONVERSION = YES;
				CLANG_WARN_OBJC_ROOT_CLASS = YES_ERROR;
				CLANG_WARN_UNREACHABLE_CODE = YES;
				CLANG_WARN__DUPLICATE_METHOD_MATCH = YES;
				"CODE_SIGN_IDENTITY[sdk=iphoneos*]" = "iPhone Developer";
				COPY_PHASE_STRIP = NO;
				DEBUG_INFORMATION_FORMAT = dwarf;
				ENABLE_STRICT_OBJC_MSGSEND = YES;
				ENABLE_TESTABILITY = YES;
				GCC_C_LANGUAGE_STANDARD = gnu99;
				GCC_DYNAMIC_NO_PIC = NO;
				GCC_NO_COMMON_BLOCKS = YES;
				GCC_OPTIMIZATION_LEVEL = 0;
				GCC_PREPROCESSOR_DEFINITIONS = (
					"DEBUG=1",
					"$(inherited)",
				);
				GCC_WARN_64_TO_32_BIT_CONVERSION = YES;
				GCC_WARN_ABOUT_RETURN_TYPE = YES_ERROR;
				GCC_WARN_UNDECLARED_SELECTOR = YES;
				GCC_WARN_UNINITIALIZED_AUTOS = YES_AGGRESSIVE;
				GCC_WARN_UNUSED_FUNCTION = YES;
				GCC_WARN_UNUSED_VARIABLE = YES;
				IPHONEOS_DEPLOYMENT_TARGET = 9.3;
				MTL_ENABLE_DEBUG_INFO = YES;
				ONLY_ACTIVE_ARCH = YES;
				SDKROOT = iphoneos;
				TARGETED_DEVICE_FAMILY = "1,2";
			};
			name = Debug;
		};
		A0D95CC81D546FD200404FFD /* Release */ = {
			isa = XCBuildConfiguration;
			buildSettings = {
				ALWAYS_SEARCH_USER_PATHS = NO;
				CLANG_ANALYZER_NONNULL = YES;
				CLANG_CXX_LANGUAGE_STANDARD = "gnu++0x";
				CLANG_CXX_LIBRARY = "libc++";
				CLANG_ENABLE_MODULES = YES;
				CLANG_ENABLE_OBJC_ARC = YES;
				CLANG_WARN_BOOL_CONVERSION = YES;
				CLANG_WARN_CONSTANT_CONVERSION = YES;
				CLANG_WARN_DIRECT_OBJC_ISA_USAGE = YES_ERROR;
				CLANG_WARN_EMPTY_BODY = YES;
				CLANG_WARN_ENUM_CONVERSION = YES;
				CLANG_WARN_INT_CONVERSION = YES;
				CLANG_WARN_OBJC_ROOT_CLASS = YES_ERROR;
				CLANG_WARN_UNREACHABLE_CODE = YES;
				CLANG_WARN__DUPLICATE_METHOD_MATCH = YES;
				"CODE_SIGN_IDENTITY[sdk=iphoneos*]" = "iPhone Developer";
				COPY_PHASE_STRIP = NO;
				DEBUG_INFORMATION_FORMAT = "dwarf-with-dsym";
				ENABLE_NS_ASSERTIONS = NO;
				ENABLE_STRICT_OBJC_MSGSEND = YES;
				GCC_C_LANGUAGE_STANDARD = gnu99;
				GCC_NO_COMMON_BLOCKS = YES;
				GCC_WARN_64_TO_32_BIT_CONVERSION = YES;
				GCC_WARN_ABOUT_RETURN_TYPE = YES_ERROR;
				GCC_WARN_UNDECLARED_SELECTOR = YES;
				GCC_WARN_UNINITIALIZED_AUTOS = YES_AGGRESSIVE;
				GCC_WARN_UNUSED_FUNCTION = YES;
				GCC_WARN_UNUSED_VARIABLE = YES;
				IPHONEOS_DEPLOYMENT_TARGET = 9.3;
				MTL_ENABLE_DEBUG_INFO = NO;
				SDKROOT = iphoneos;
				TARGETED_DEVICE_FAMILY = "1,2";
				VALIDATE_PRODUCT = YES;
			};
			name = Release;
		};
		A0D95CCA1D546FD200404FFD /* Debug */ = {
			isa = XCBuildConfiguration;
			buildSettings = {
				ASSETCATALOG_COMPILER_APPICON_NAME = AppIcon;
				CODE_SIGN_IDENTITY = "iPhone Developer";
				INFOPLIST_FILE = JYNetworkDemo/Info.plist;
				LD_RUNPATH_SEARCH_PATHS = "$(inherited) @executable_path/Frameworks";
				PRODUCT_BUNDLE_IDENTIFIER = com.NL.JYNetworkDemo;
				PRODUCT_NAME = "$(TARGET_NAME)";
				PROVISIONING_PROFILE = "";
			};
			name = Debug;
		};
		A0D95CCB1D546FD200404FFD /* Release */ = {
			isa = XCBuildConfiguration;
			buildSettings = {
				ASSETCATALOG_COMPILER_APPICON_NAME = AppIcon;
				INFOPLIST_FILE = JYNetworkDemo/Info.plist;
				LD_RUNPATH_SEARCH_PATHS = "$(inherited) @executable_path/Frameworks";
				PRODUCT_BUNDLE_IDENTIFIER = com.NL.JYNetworkDemo;
				PRODUCT_NAME = "$(TARGET_NAME)";
			};
			name = Release;
		};
/* End XCBuildConfiguration section */

/* Begin XCConfigurationList section */
		A0D95CAD1D546FD200404FFD /* Build configuration list for PBXProject "JYNetworkDemo" */ = {
			isa = XCConfigurationList;
			buildConfigurations = (
				A0D95CC71D546FD200404FFD /* Debug */,
				A0D95CC81D546FD200404FFD /* Release */,
			);
			defaultConfigurationIsVisible = 0;
			defaultConfigurationName = Release;
		};
		A0D95CC91D546FD200404FFD /* Build configuration list for PBXNativeTarget "JYNetworkDemo" */ = {
			isa = XCConfigurationList;
			buildConfigurations = (
				A0D95CCA1D546FD200404FFD /* Debug */,
				A0D95CCB1D546FD200404FFD /* Release */,
			);
			defaultConfigurationIsVisible = 0;
			defaultConfigurationName = Release;
		};
/* End XCConfigurationList section */
	};
	rootObject = A0D95CAA1D546FD200404FFD /* Project object */;
}
